
Microsoft Visual Studio Solution File, Format Version 12.00
# Visual Studio Version 17
VisualStudioVersion = 17.9.34607.119
MinimumVisualStudioVersion = 10.0.40219.1
Project("{9A19103F-16F7-4668-BE54-9A1E7A4F7556}") = "Outlook.WPF", "Outlook.WPF\Outlook.WPF.csproj", "{5D18ABA9-60F8-40D2-8A4E-4958B8D58557}"
EndProject
Project("{2150E333-8FDC-42A3-9474-1A3956D46DE8}") = "Modules", "Modules", "{FF3A335D-878A-496E-8210-2C8080B0ED2A}"
EndProject
Project("{9A19103F-16F7-4668-BE54-9A1E7A4F7556}") = "Outlook.Modules.Mail", "Modules\Outlook.Modules.Mail\Outlook.Modules.Mail.csproj", "{F0959820-82BF-4321-A183-ED532F01D617}"
EndProject
Project("{2150E333-8FDC-42A3-9474-1A3956D46DE8}") = "Services", "Services", "{3E31E37F-1AD8-4F7F-A6DF-3FF213D4E69F}"
EndProject
Project("{9A19103F-16F7-4668-BE54-9A1E7A4F7556}") = "Outlook.Services.Test", "Services\Outlook.Services.Test\Outlook.Services.Test.csproj", "{7AFCDC7F-4BB0-4FBF-9D48-7FA1705D92CB}"
EndProject
Project("{9A19103F-16F7-4668-BE54-9A1E7A4F7556}") = "Outlook.Modules.Contacts", "Modules\Outlook.Modules.Contacts\Outlook.Modules.Contacts.csproj", "{E51DD570-A54A-4A86-8A7A-DE196884F756}"
EndProject
Project("{9A19103F-16F7-4668-BE54-9A1E7A4F7556}") = "Outlook.Modules.Calendar", "Modules\Outlook.Modules.Calendar\Outlook.Modules.Calendar.csproj", "{022C3447-0F16-471D-8FC5-72F82EAA961F}"
EndProject
Project("{FAE04EC0-301F-11D3-BF4B-00C04F79EFBC}") = "Outlook.WPF.Infrastructure", "Outlook.WPF.Infrastructure\Outlook.WPF.Infrastructure.csproj", "{9594825E-0C86-4782-839A-228002056C88}"
EndProject
Global
	GlobalSection(SolutionConfigurationPlatforms) = preSolution
		Debug|Any CPU = Debug|Any CPU
		Release|Any CPU = Release|Any CPU
	EndGlobalSection
	GlobalSection(ProjectConfigurationPlatforms) = postSolution
		{5D18ABA9-60F8-40D2-8A4E-4958B8D58557}.Debug|Any CPU.ActiveCfg = Debug|Any CPU
		{5D18ABA9-60F8-40D2-8A4E-4958B8D58557}.Debug|Any CPU.Build.0 = Debug|Any CPU
		{5D18ABA9-60F8-40D2-8A4E-4958B8D58557}.Release|Any CPU.ActiveCfg = Release|Any CPU
		{5D18ABA9-60F8-40D2-8A4E-4958B8D58557}.Release|Any CPU.Build.0 = Release|Any CPU
		{F0959820-82BF-4321-A183-ED532F01D617}.Debug|Any CPU.ActiveCfg = Debug|Any CPU
		{F0959820-82BF-4321-A183-ED532F01D617}.Debug|Any CPU.Build.0 = Debug|Any CPU
		{F0959820-82BF-4321-A183-ED532F01D617}.Release|Any CPU.ActiveCfg = Release|Any CPU
		{F0959820-82BF-4321-A183-ED532F01D617}.Release|Any CPU.Build.0 = Release|Any CPU
		{7AFCDC7F-4BB0-4FBF-9D48-7FA1705D92CB}.Debug|Any CPU.ActiveCfg = Debug|Any CPU
		{7AFCDC7F-4BB0-4FBF-9D48-7FA1705D92CB}.Debug|Any CPU.Build.0 = Debug|Any CPU
		{7AFCDC7F-4BB0-4FBF-9D48-7FA1705D92CB}.Release|Any CPU.ActiveCfg = Release|Any CPU
		{7AFCDC7F-4BB0-4FBF-9D48-7FA1705D92CB}.Release|Any CPU.Build.0 = Release|Any CPU
		{E51DD570-A54A-4A86-8A7A-DE196884F756}.Debug|Any CPU.ActiveCfg = Debug|Any CPU
		{E51DD570-A54A-4A86-8A7A-DE196884F756}.Debug|Any CPU.Build.0 = Debug|Any CPU
		{E51DD570-A54A-4A86-8A7A-DE196884F756}.Release|Any CPU.ActiveCfg = Release|Any CPU
		{E51DD570-A54A-4A86-8A7A-DE196884F756}.Release|Any CPU.Build.0 = Release|Any CPU
		{022C3447-0F16-471D-8FC5-72F82EAA961F}.Debug|Any CPU.ActiveCfg = Debug|Any CPU
		{022C3447-0F16-471D-8FC5-72F82EAA961F}.Debug|Any CPU.Build.0 = Debug|Any CPU
		{022C3447-0F16-471D-8FC5-72F82EAA961F}.Release|Any CPU.ActiveCfg = Release|Any CPU
		{022C3447-0F16-471D-8FC5-72F82EAA961F}.Release|Any CPU.Build.0 = Release|Any CPU
		{9594825E-0C86-4782-839A-228002056C88}.Debug|Any CPU.ActiveCfg = Debug|Any CPU
		{9594825E-0C86-4782-839A-228002056C88}.Debug|Any CPU.Build.0 = Debug|Any CPU
		{9594825E-0C86-4782-839A-228002056C88}.Release|Any CPU.ActiveCfg = Release|Any CPU
		{9594825E-0C86-4782-839A-228002056C88}.Release|Any CPU.Build.0 = Release|Any CPU
	EndGlobalSection
	GlobalSection(SolutionProperties) = preSolution
		HideSolutionNode = FALSE
	EndGlobalSection
	GlobalSection(NestedProjects) = preSolution
		{F0959820-82BF-4321-A183-ED532F01D617} = {FF3A335D-878A-496E-8210-2C8080B0ED2A}
		{7AFCDC7F-4BB0-4FBF-9D48-7FA1705D92CB} = {3E31E37F-1AD8-4F7F-A6DF-3FF213D4E69F}
		{E51DD570-A54A-4A86-8A7A-DE196884F756} = {FF3A335D-878A-496E-8210-2C8080B0ED2A}
		{022C3447-0F16-471D-8FC5-72F82EAA961F} = {FF3A335D-878A-496E-8210-2C8080B0ED2A}
	EndGlobalSection
	GlobalSection(ExtensibilityGlobals) = postSolution
		SolutionGuid = {A6DBD89F-2E11-4172-B9DC-C54149BC2BB7}
	EndGlobalSection
EndGlobal
