
Microsoft Visual Studio Solution File, Format Version 12.00
# Visual Studio Version 17
VisualStudioVersion = 17.9.34607.119
MinimumVisualStudioVersion = 10.0.40219.1
Project("{9A19103F-16F7-4668-BE54-9A1E7A4F7556}") = "Outlook.WPF", "Outlook.WPF\Outlook.WPF.csproj", "{5D18ABA9-60F8-40D2-8A4E-4958B8D58557}"
EndProject
Project("{2150E333-8FDC-42A3-9474-1A3956D46DE8}") = "Modules", "Modules", "{FF3A335D-878A-496E-8210-2C8080B0ED2A}"
EndProject
Project("{2150E333-8FDC-42A3-9474-1A3956D46DE8}") = "Services", "Services", "{3E31E37F-1AD8-4F7F-A6DF-3FF213D4E69F}"
EndProject
Project("{9A19103F-16F7-4668-BE54-9A1E7A4F7556}") = "Outlook.Services.Test", "Services\Outlook.Services.Test\Outlook.Services.Test.csproj", "{7AFCDC7F-4BB0-4FBF-9D48-7FA1705D92CB}"
EndProject
Project("{9A19103F-16F7-4668-BE54-9A1E7A4F7556}") = "Outlook.WPF.Infrastructure", "Outlook.WPF.Infrastructure\Outlook.WPF.Infrastructure.csproj", "{9594825E-0C86-4782-839A-228002056C88}"
EndProject
Global
	GlobalSection(SolutionConfigurationPlatforms) = preSolution
		Debug|Any CPU = Debug|Any CPU
		Release|Any CPU = Release|Any CPU
	EndGlobalSection
	GlobalSection(ProjectConfigurationPlatforms) = postSolution
		{5D18ABA9-60F8-40D2-8A4E-4958B8D58557}.Debug|Any CPU.ActiveCfg = Debug|Any CPU
		{5D18ABA9-60F8-40D2-8A4E-4958B8D58557}.Debug|Any CPU.Build.0 = Debug|Any CPU
		{5D18ABA9-60F8-40D2-8A4E-4958B8D58557}.Release|Any CPU.ActiveCfg = Release|Any CPU
		{5D18ABA9-60F8-40D2-8A4E-4958B8D58557}.Release|Any CPU.Build.0 = Release|Any CPU
		{7AFCDC7F-4BB0-4FBF-9D48-7FA1705D92CB}.Debug|Any CPU.ActiveCfg = Debug|Any CPU
		{7AFCDC7F-4BB0-4FBF-9D48-7FA1705D92CB}.Debug|Any CPU.Build.0 = Debug|Any CPU
		{7AFCDC7F-4BB0-4FBF-9D48-7FA1705D92CB}.Release|Any CPU.ActiveCfg = Release|Any CPU
		{7AFCDC7F-4BB0-4FBF-9D48-7FA1705D92CB}.Release|Any CPU.Build.0 = Release|Any CPU
		{9594825E-0C86-4782-839A-228002056C88}.Debug|Any CPU.ActiveCfg = Debug|Any CPU
		{9594825E-0C86-4782-839A-228002056C88}.Debug|Any CPU.Build.0 = Debug|Any CPU
		{9594825E-0C86-4782-839A-228002056C88}.Release|Any CPU.ActiveCfg = Release|Any CPU
		{9594825E-0C86-4782-839A-228002056C88}.Release|Any CPU.Build.0 = Release|Any CPU
	EndGlobalSection
	GlobalSection(SolutionProperties) = preSolution
		HideSolutionNode = FALSE
	EndGlobalSection
	GlobalSection(NestedProjects) = preSolution
		{7AFCDC7F-4BB0-4FBF-9D48-7FA1705D92CB} = {3E31E37F-1AD8-4F7F-A6DF-3FF213D4E69F}
	EndGlobalSection
	GlobalSection(ExtensibilityGlobals) = postSolution
		SolutionGuid = {A6DBD89F-2E11-4172-B9DC-C54149BC2BB7}
	EndGlobalSection
EndGlobal
