
Microsoft Visual Studio Solution File, Format Version 12.00
# Visual Studio Version 17
VisualStudioVersion = 17.9.34607.119
MinimumVisualStudioVersion = 10.0.40219.1
Project("{9A19103F-16F7-4668-BE54-9A1E7A4F7556}") = "Outlook.WPF", "Outlook.WPF\Outlook.WPF.csproj", "{5D18ABA9-60F8-40D2-8A4E-4958B8D58557}"
EndProject
Project("{2150E333-8FDC-42A3-9474-1A3956D46DE8}") = "Modules", "Modules", "{FF3A335D-878A-496E-8210-2C8080B0ED2A}"
EndProject
Project("{2150E333-8FDC-42A3-9474-1A3956D46DE8}") = "Services", "Services", "{3E31E37F-1AD8-4F7F-A6DF-3FF213D4E69F}"
EndProject
Project("{9A19103F-16F7-4668-BE54-9A1E7A4F7556}") = "Outlook.WPF.Infrastructure", "Outlook.WPF.Infrastructure\Outlook.WPF.Infrastructure.csproj", "{9594825E-0C86-4782-839A-228002056C88}"
EndProject
Project("{9A19103F-16F7-4668-BE54-9A1E7A4F7556}") = "HomeModule", "Modules\HomeModule\HomeModule.csproj", "{A7E093E0-A305-44A7-8F0A-ACC8CC52B545}"
EndProject
Project("{9A19103F-16F7-4668-BE54-9A1E7A4F7556}") = "UserLibraryModule", "Modules\UserLibraryModule\UserLibraryModule.csproj", "{12438D14-FA0F-4738-83CE-CB0109813326}"
EndProject
Project("{9A19103F-16F7-4668-BE54-9A1E7A4F7556}") = "Outlook.WPF.SpotifyAPI", "Services\Outlook.WPF.SpotifyAPI\Outlook.WPF.SpotifyAPI.csproj", "{6881531E-458D-4761-8826-F6E29D5255B4}"
EndProject
Project("{9A19103F-16F7-4668-BE54-9A1E7A4F7556}") = "DetailModule", "Modules\DetailModule\DetailModule.csproj", "{8D105B58-EC60-44A7-9AEB-E01DF8D514BE}"
EndProject
Project("{9A19103F-16F7-4668-BE54-9A1E7A4F7556}") = "ApiTest", "Services\ApiTest\ApiTest.csproj", "{84C853BF-CDDC-4FA0-A8D2-60897F64167C}"
EndProject
Project("{9A19103F-16F7-4668-BE54-9A1E7A4F7556}") = "PlayerModule", "PlayerModule\PlayerModule.csproj", "{130F19A1-0B49-4704-A1D6-CDC881C2F401}"
EndProject
Global
	GlobalSection(SolutionConfigurationPlatforms) = preSolution
		Debug|Any CPU = Debug|Any CPU
		Release|Any CPU = Release|Any CPU
	EndGlobalSection
	GlobalSection(ProjectConfigurationPlatforms) = postSolution
		{5D18ABA9-60F8-40D2-8A4E-4958B8D58557}.Debug|Any CPU.ActiveCfg = Debug|Any CPU
		{5D18ABA9-60F8-40D2-8A4E-4958B8D58557}.Debug|Any CPU.Build.0 = Debug|Any CPU
		{5D18ABA9-60F8-40D2-8A4E-4958B8D58557}.Release|Any CPU.ActiveCfg = Release|Any CPU
		{5D18ABA9-60F8-40D2-8A4E-4958B8D58557}.Release|Any CPU.Build.0 = Release|Any CPU
		{9594825E-0C86-4782-839A-228002056C88}.Debug|Any CPU.ActiveCfg = Debug|Any CPU
		{9594825E-0C86-4782-839A-228002056C88}.Debug|Any CPU.Build.0 = Debug|Any CPU
		{9594825E-0C86-4782-839A-228002056C88}.Release|Any CPU.ActiveCfg = Release|Any CPU
		{9594825E-0C86-4782-839A-228002056C88}.Release|Any CPU.Build.0 = Release|Any CPU
		{A7E093E0-A305-44A7-8F0A-ACC8CC52B545}.Debug|Any CPU.ActiveCfg = Debug|Any CPU
		{A7E093E0-A305-44A7-8F0A-ACC8CC52B545}.Debug|Any CPU.Build.0 = Debug|Any CPU
		{A7E093E0-A305-44A7-8F0A-ACC8CC52B545}.Release|Any CPU.ActiveCfg = Release|Any CPU
		{A7E093E0-A305-44A7-8F0A-ACC8CC52B545}.Release|Any CPU.Build.0 = Release|Any CPU
		{12438D14-FA0F-4738-83CE-CB0109813326}.Debug|Any CPU.ActiveCfg = Debug|Any CPU
		{12438D14-FA0F-4738-83CE-CB0109813326}.Debug|Any CPU.Build.0 = Debug|Any CPU
		{12438D14-FA0F-4738-83CE-CB0109813326}.Release|Any CPU.ActiveCfg = Release|Any CPU
		{12438D14-FA0F-4738-83CE-CB0109813326}.Release|Any CPU.Build.0 = Release|Any CPU
		{6881531E-458D-4761-8826-F6E29D5255B4}.Debug|Any CPU.ActiveCfg = Debug|Any CPU
		{6881531E-458D-4761-8826-F6E29D5255B4}.Debug|Any CPU.Build.0 = Debug|Any CPU
		{6881531E-458D-4761-8826-F6E29D5255B4}.Release|Any CPU.ActiveCfg = Release|Any CPU
		{6881531E-458D-4761-8826-F6E29D5255B4}.Release|Any CPU.Build.0 = Release|Any CPU
		{8D105B58-EC60-44A7-9AEB-E01DF8D514BE}.Debug|Any CPU.ActiveCfg = Debug|Any CPU
		{8D105B58-EC60-44A7-9AEB-E01DF8D514BE}.Debug|Any CPU.Build.0 = Debug|Any CPU
		{8D105B58-EC60-44A7-9AEB-E01DF8D514BE}.Release|Any CPU.ActiveCfg = Release|Any CPU
		{8D105B58-EC60-44A7-9AEB-E01DF8D514BE}.Release|Any CPU.Build.0 = Release|Any CPU
		{84C853BF-CDDC-4FA0-A8D2-60897F64167C}.Debug|Any CPU.ActiveCfg = Debug|Any CPU
		{84C853BF-CDDC-4FA0-A8D2-60897F64167C}.Debug|Any CPU.Build.0 = Debug|Any CPU
		{84C853BF-CDDC-4FA0-A8D2-60897F64167C}.Release|Any CPU.ActiveCfg = Release|Any CPU
		{84C853BF-CDDC-4FA0-A8D2-60897F64167C}.Release|Any CPU.Build.0 = Release|Any CPU
		{130F19A1-0B49-4704-A1D6-CDC881C2F401}.Debug|Any CPU.ActiveCfg = Debug|Any CPU
		{130F19A1-0B49-4704-A1D6-CDC881C2F401}.Debug|Any CPU.Build.0 = Debug|Any CPU
		{130F19A1-0B49-4704-A1D6-CDC881C2F401}.Release|Any CPU.ActiveCfg = Release|Any CPU
		{130F19A1-0B49-4704-A1D6-CDC881C2F401}.Release|Any CPU.Build.0 = Release|Any CPU
	EndGlobalSection
	GlobalSection(SolutionProperties) = preSolution
		HideSolutionNode = FALSE
	EndGlobalSection
	GlobalSection(NestedProjects) = preSolution
		{A7E093E0-A305-44A7-8F0A-ACC8CC52B545} = {FF3A335D-878A-496E-8210-2C8080B0ED2A}
		{12438D14-FA0F-4738-83CE-CB0109813326} = {FF3A335D-878A-496E-8210-2C8080B0ED2A}
		{6881531E-458D-4761-8826-F6E29D5255B4} = {3E31E37F-1AD8-4F7F-A6DF-3FF213D4E69F}
		{8D105B58-EC60-44A7-9AEB-E01DF8D514BE} = {FF3A335D-878A-496E-8210-2C8080B0ED2A}
		{84C853BF-CDDC-4FA0-A8D2-60897F64167C} = {3E31E37F-1AD8-4F7F-A6DF-3FF213D4E69F}
		{130F19A1-0B49-4704-A1D6-CDC881C2F401} = {FF3A335D-878A-496E-8210-2C8080B0ED2A}
	EndGlobalSection
	GlobalSection(ExtensibilityGlobals) = postSolution
		SolutionGuid = {A6DBD89F-2E11-4172-B9DC-C54149BC2BB7}
	EndGlobalSection
EndGlobal
